{
    "_readme": [
        "This file locks the dependencies of your project to a known state",
        "Read more about it at https://getcomposer.org/doc/01-basic-usage.md#installing-dependencies",
        "This file is @generated automatically"
    ],
    "content-hash": "5c763dab2c194c022b4856527c295e73",
    "packages": [
        {
            "name": "apereo/phpcas",
            "version": "1.6.1",
            "source": {
                "type": "git",
                "url": "https://github.com/apereo/phpCAS.git",
                "reference": "c129708154852656aabb13d8606cd5b12dbbabac"
            },
            "dist": {
                "type": "zip",
                "url": "https://api.github.com/repos/apereo/phpCAS/zipball/c129708154852656aabb13d8606cd5b12dbbabac",
                "reference": "c129708154852656aabb13d8606cd5b12dbbabac",
                "shasum": ""
            },
            "require": {
                "ext-curl": "*",
                "ext-dom": "*",
                "php": ">=7.1.0",
                "psr/log": "^1.0 || ^2.0 || ^3.0"
            },
            "require-dev": {
                "monolog/monolog": "^1.0.0 || ^2.0.0",
                "phpstan/phpstan": "^1.5",
                "phpunit/phpunit": ">=7.5"
            },
            "type": "library",
            "extra": {
                "branch-alias": {
                    "dev-master": "1.3.x-dev"
                }
            },
            "autoload": {
                "files": [
                    "source/CAS.php"
                ],
                "classmap": [
                    "source/"
                ]
            },
            "notification-url": "https://packagist.org/downloads/",
            "license": [
                "Apache-2.0"
            ],
            "authors": [
                {
                    "name": "Joachim Fritschi",
                    "email": "jfritschi@freenet.de",
                    "homepage": "https://github.com/jfritschi"
                },
                {
                    "name": "Adam Franco",
                    "homepage": "https://github.com/adamfranco"
                },
                {
                    "name": "Henry Pan",
                    "homepage": "https://github.com/phy25"
                }
            ],
            "description": "Provides a simple API for authenticating users against a CAS server",
            "homepage": "https://wiki.jasig.org/display/CASC/phpCAS",
            "keywords": [
                "apereo",
                "cas",
                "jasig"
            ],
            "support": {
                "issues": "https://github.com/apereo/phpCAS/issues",
                "source": "https://github.com/apereo/phpCAS/tree/1.6.1"
            },
            "time": "2023-02-19T19:52:35+00:00"
        },
        {
            "name": "psr/log",
            "version": "3.0.0",
            "source": {
                "type": "git",
                "url": "https://github.com/php-fig/log.git",
                "reference": "fe5ea303b0887d5caefd3d431c3e61ad47037001"
            },
            "dist": {
                "type": "zip",
                "url": "https://api.github.com/repos/php-fig/log/zipball/fe5ea303b0887d5caefd3d431c3e61ad47037001",
                "reference": "fe5ea303b0887d5caefd3d431c3e61ad47037001",
                "shasum": ""
            },
            "require": {
                "php": ">=8.0.0"
            },
            "type": "library",
            "extra": {
                "branch-alias": {
                    "dev-master": "3.x-dev"
                }
            },
            "autoload": {
                "psr-4": {
                    "Psr\\Log\\": "src"
                }
            },
            "notification-url": "https://packagist.org/downloads/",
            "license": [
                "MIT"
            ],
            "authors": [
                {
                    "name": "PHP-FIG",
                    "homepage": "https://www.php-fig.org/"
                }
            ],
            "description": "Common interface for logging libraries",
            "homepage": "https://github.com/php-fig/log",
            "keywords": [
                "log",
                "psr",
                "psr-3"
            ],
            "support": {
                "source": "https://github.com/php-fig/log/tree/3.0.0"
            },
            "time": "2021-07-14T16:46:02+00:00"
        },
        {
            "name": "smalot/pdfparser",
            "version": "v0.11",
            "source": {
                "type": "git",
                "url": "https://github.com/smalot/pdfparser.git",
                "reference": "40462c1a662d5fbc8f48d30626695a06f047e0cf"
            },
            "dist": {
                "type": "zip",
                "url": "https://api.github.com/repos/smalot/pdfparser/zipball/40462c1a662d5fbc8f48d30626695a06f047e0cf",
                "reference": "40462c1a662d5fbc8f48d30626695a06f047e0cf",
                "shasum": ""
            },
            "require": {
                "ext-iconv": "*",
                "php": ">=5.3.0",
                "tecnickcom/tcpdf": "~6.0"
            },
            "require-dev": {
                "atoum/atoum": "^2.8 | ^3.0"
            },
            "type": "library",
            "autoload": {
                "psr-0": {
                    "Smalot\\PdfParser\\": "src/"
                }
            },
            "notification-url": "https://packagist.org/downloads/",
            "license": [
                "LGPLv3"
            ],
            "authors": [
                {
                    "name": "Sebastien Malot",
                    "email": "sebastien@malot.fr"
                }
            ],
            "description": "Pdf parser library. Can read and extract information from pdf file.",
            "homepage": "http://www.pdfparser.org",
            "keywords": [
                "extract",
                "parse",
                "parser",
                "pdf",
                "text"
            ],
            "support": {
                "issues": "https://github.com/smalot/pdfparser/issues",
                "source": "https://github.com/smalot/pdfparser/tree/master"
            },
            "time": "2017-09-14T12:26:16+00:00"
        },
        {
            "name": "tecnickcom/tcpdf",
            "version": "6.7.5",
            "source": {
                "type": "git",
                "url": "https://github.com/tecnickcom/TCPDF.git",
                "reference": "951eabf0338ec2522bd0d5d9c79b08a3a3d36b36"
            },
            "dist": {
                "type": "zip",
                "url": "https://api.github.com/repos/tecnickcom/TCPDF/zipball/951eabf0338ec2522bd0d5d9c79b08a3a3d36b36",
                "reference": "951eabf0338ec2522bd0d5d9c79b08a3a3d36b36",
                "shasum": ""
            },
            "require": {
                "php": ">=5.5.0"
            },
            "type": "library",
            "autoload": {
                "classmap": [
                    "config",
                    "include",
                    "tcpdf.php",
                    "tcpdf_parser.php",
                    "tcpdf_import.php",
                    "tcpdf_barcodes_1d.php",
                    "tcpdf_barcodes_2d.php",
                    "include/tcpdf_colors.php",
                    "include/tcpdf_filters.php",
                    "include/tcpdf_font_data.php",
                    "include/tcpdf_fonts.php",
                    "include/tcpdf_images.php",
                    "include/tcpdf_static.php",
                    "include/barcodes/datamatrix.php",
                    "include/barcodes/pdf417.php",
                    "include/barcodes/qrcode.php"
                ]
            },
            "notification-url": "https://packagist.org/downloads/",
            "license": [
                "LGPL-3.0-or-later"
            ],
            "authors": [
                {
                    "name": "Nicola Asuni",
                    "email": "info@tecnick.com",
                    "role": "lead"
                }
            ],
            "description": "TCPDF is a PHP class for generating PDF documents and barcodes.",
            "homepage": "http://www.tcpdf.org/",
            "keywords": [
                "PDFD32000-2008",
                "TCPDF",
                "barcodes",
                "datamatrix",
                "pdf",
                "pdf417",
                "qrcode"
            ],
            "support": {
                "issues": "https://github.com/tecnickcom/TCPDF/issues",
                "source": "https://github.com/tecnickcom/TCPDF/tree/6.7.5"
            },
            "funding": [
                {
                    "url": "https://www.paypal.com/cgi-bin/webscr?cmd=_donations&currency_code=GBP&business=paypal@tecnick.com&item_name=donation%20for%20tcpdf%20project",
                    "type": "custom"
                }
            ],
            "time": "2024-04-20T17:25:10+00:00"
        }
    ],
    "packages-dev": [],
    "aliases": [],
    "minimum-stability": "stable",
    "stability-flags": [],
    "prefer-stable": false,
    "prefer-lowest": false,
    "platform": [],
    "platform-dev": [],
    "plugin-api-version": "2.6.0"
}
